
Microsoft Visual Studio Solution File, Format Version 12.00
# Visual Studio Version 16
VisualStudioVersion = 16.0.34114.132
MinimumVisualStudioVersion = 10.0.40219.1
Project("{FAE04EC0-301F-11D3-BF4B-00C04F79EFBC}") = "TiendaAPI", "TiendaAPI.csproj", "{F23FE60F-94DD-4CFC-AF1E-0F45A9788510}"
EndProject
Global
	GlobalSection(SolutionConfigurationPlatforms) = preSolution
		Debug|Any CPU = Debug|Any CPU
		Release|Any CPU = Release|Any CPU
	EndGlobalSection
	GlobalSection(ProjectConfigurationPlatforms) = postSolution
		{F23FE60F-94DD-4CFC-AF1E-0F45A9788510}.Debug|Any CPU.ActiveCfg = Debug|Any CPU
		{F23FE60F-94DD-4CFC-AF1E-0F45A9788510}.Debug|Any CPU.Build.0 = Debug|Any CPU
		{F23FE60F-94DD-4CFC-AF1E-0F45A9788510}.Release|Any CPU.ActiveCfg = Release|Any CPU
		{F23FE60F-94DD-4CFC-AF1E-0F45A9788510}.Release|Any CPU.Build.0 = Release|Any CPU
	EndGlobalSection
	GlobalSection(SolutionProperties) = preSolution
		HideSolutionNode = FALSE
	EndGlobalSection
	GlobalSection(ExtensibilityGlobals) = postSolution
		SolutionGuid = {C28D9B53-CE3C-4025-A32C-69CE3201AC73}
	EndGlobalSection
EndGlobal
